
Microsoft Visual Studio Solution File, Format Version 12.00
# Visual Studio Version 17
VisualStudioVersion = 17.6.33815.320
MinimumVisualStudioVersion = 10.0.40219.1
Project("{FAE04EC0-301F-11D3-BF4B-00C04F79EFBC}") = "ocme-Pwhats", "ocme-Pwhats.csproj", "{3F27B1BE-B372-4FAD-B8AE-653805C1341E}"
EndProject
Global
	GlobalSection(SolutionConfigurationPlatforms) = preSolution
		Debug|Any CPU = Debug|Any CPU
		Release|Any CPU = Release|Any CPU
	EndGlobalSection
	GlobalSection(ProjectConfigurationPlatforms) = postSolution
		{3F27B1BE-B372-4FAD-B8AE-653805C1341E}.Debug|Any CPU.ActiveCfg = Debug|Any CPU
		{3F27B1BE-B372-4FAD-B8AE-653805C1341E}.Debug|Any CPU.Build.0 = Debug|Any CPU
		{3F27B1BE-B372-4FAD-B8AE-653805C1341E}.Release|Any CPU.ActiveCfg = Release|Any CPU
		{3F27B1BE-B372-4FAD-B8AE-653805C1341E}.Release|Any CPU.Build.0 = Release|Any CPU
	EndGlobalSection
	GlobalSection(SolutionProperties) = preSolution
		HideSolutionNode = FALSE
	EndGlobalSection
	GlobalSection(ExtensibilityGlobals) = postSolution
		SolutionGuid = {557C2B0A-1A55-4875-9234-5B31D8A4483D}
	EndGlobalSection
EndGlobal
